// !$*UTF8*$!
{
	archiveVersion = 1;
	classes = {
	};
	objectVersion = 77;
	objects = {

/* Begin PBXBuildFile section */
		472926DB2F4706D200B5E2F4 /* Services in Frameworks */ = {isa = PBXBuildFile; productRef = 472926DA2F4706D200B5E2F4 /* Services */; };
		47EF4A252F58BFA00028A2A5 /* SgMaps in Frameworks */ = {isa = PBXBuildFile; productRef = 47EF4A242F58BFA00028A2A5 /* SgMaps */; };
		47EF4A282F58C0D10028A2A5 /* SgMaps in Frameworks */ = {isa = PBXBuildFile; productRef = 47EF4A272F58C0D10028A2A5 /* SgMaps */; };
		47EF4A2B2F58C1250028A2A5 /* Services in Frameworks */ = {isa = PBXBuildFile; productRef = 47EF4A2A2F58C1250028A2A5 /* Services */; };
/* End PBXBuildFile section */

/* Begin PBXContainerItemProxy section */
		47808E932F46201600DD7139 /* PBXContainerItemProxy */ = {
			isa = PBXContainerItemProxy;
			containerPortal = 47808E7D2F46201400DD7139 /* Project object */;
			proxyType = 1;
			remoteGlobalIDString = 47808E842F46201400DD7139;
			remoteInfo = SgBusStops;
		};
		47808E9D2F46201600DD7139 /* PBXContainerItemProxy */ = {
			isa = PBXContainerItemProxy;
			containerPortal = 47808E7D2F46201400DD7139 /* Project object */;
			proxyType = 1;
			remoteGlobalIDString = 47808E842F46201400DD7139;
			remoteInfo = SgBusStops;
		};
/* End PBXContainerItemProxy section */

/* Begin PBXCopyFilesBuildPhase section */
		479E26322F6BAF5E00E6B886 /* Embed ExtensionKit Extensions */ = {
			isa = PBXCopyFilesBuildPhase;
			buildActionMask = 2147483647;
			dstPath = "$(EXTENSIONS_FOLDER_PATH)";
			dstSubfolderSpec = 16;
			files = (
			);
			name = "Embed ExtensionKit Extensions";
			runOnlyForDeploymentPostprocessing = 0;
		};
/* End PBXCopyFilesBuildPhase section */

/* Begin PBXFileReference section */
		47808E852F46201400DD7139 /* SgBusStops.app */ = {isa = PBXFileReference; explicitFileType = wrapper.application; includeInIndex = 0; path = SgBusStops.app; sourceTree = BUILT_PRODUCTS_DIR; };
		47808E922F46201600DD7139 /* SgBusStopsTests.xctest */ = {isa = PBXFileReference; explicitFileType = wrapper.cfbundle; includeInIndex = 0; path = SgBusStopsTests.xctest; sourceTree = BUILT_PRODUCTS_DIR; };
		47808E9C2F46201600DD7139 /* SgBusStopsUITests.xctest */ = {isa = PBXFileReference; explicitFileType = wrapper.cfbundle; includeInIndex = 0; path = SgBusStopsUITests.xctest; sourceTree = BUILT_PRODUCTS_DIR; };
		A1B2C4012F47010100DD7139 /* Config/App.Debug.xcconfig */ = {isa = PBXFileReference; lastKnownFileType = text.xcconfig; path = Config/App.Debug.xcconfig; sourceTree = "<group>"; };
		A1B2C4022F47010100DD7139 /* Config/App.Release.xcconfig */ = {isa = PBXFileReference; lastKnownFileType = text.xcconfig; path = Config/App.Release.xcconfig; sourceTree = "<group>"; };
/* End PBXFileReference section */

/* Begin PBXFileSystemSynchronizedBuildFileExceptionSet section */
		4748E7792F46390300AEC6AC /* Exceptions for "SgBusStops" folder in "SgBusStops" target */ = {
			isa = PBXFileSystemSynchronizedBuildFileExceptionSet;
			membershipExceptions = (
				Resources/Info.plist,
			);
			target = 47808E842F46201400DD7139 /* SgBusStops */;
		};
		47BCA1DD2F46CA730082BF21 /* Exceptions for "SgBusStops" folder in "SgBusStopsTests" target */ = {
			isa = PBXFileSystemSynchronizedBuildFileExceptionSet;
			membershipExceptions = (
				Scenes/BusStops/BusStopCell.swift,
			);
			target = 47808E912F46201600DD7139 /* SgBusStopsTests */;
		};
		47BCA1DE2F46CA730082BF21 /* Exceptions for "SgBusStops" folder in "SgBusStopsUITests" target */ = {
			isa = PBXFileSystemSynchronizedBuildFileExceptionSet;
			membershipExceptions = (
				Scenes/BusStops/BusStopCell.swift,
			);
			target = 47808E9B2F46201600DD7139 /* SgBusStopsUITests */;
		};
/* End PBXFileSystemSynchronizedBuildFileExceptionSet section */

/* Begin PBXFileSystemSynchronizedRootGroup section */
		47808E872F46201400DD7139 /* SgBusStops */ = {
			isa = PBXFileSystemSynchronizedRootGroup;
			exceptions = (
				4748E7792F46390300AEC6AC /* Exceptions for "SgBusStops" folder in "SgBusStops" target */,
				47BCA1DD2F46CA730082BF21 /* Exceptions for "SgBusStops" folder in "SgBusStopsTests" target */,
				47BCA1DE2F46CA730082BF21 /* Exceptions for "SgBusStops" folder in "SgBusStopsUITests" target */,
			);
			path = SgBusStops;
			sourceTree = "<group>";
		};
		47808E952F46201600DD7139 /* SgBusStopsTests */ = {
			isa = PBXFileSystemSynchronizedRootGroup;
			path = SgBusStopsTests;
			sourceTree = "<group>";
		};
		47808E9F2F46201600DD7139 /* SgBusStopsUITests */ = {
			isa = PBXFileSystemSynchronizedRootGroup;
			path = SgBusStopsUITests;
			sourceTree = "<group>";
		};
/* End PBXFileSystemSynchronizedRootGroup section */

/* Begin PBXFrameworksBuildPhase section */
		47808E822F46201400DD7139 /* Frameworks */ = {
			isa = PBXFrameworksBuildPhase;
			buildActionMask = 2147483647;
			files = (
				47EF4A2B2F58C1250028A2A5 /* Services in Frameworks */,
				472926DB2F4706D200B5E2F4 /* Services in Frameworks */,
				47EF4A252F58BFA00028A2A5 /* SgMaps in Frameworks */,
				47EF4A282F58C0D10028A2A5 /* SgMaps in Frameworks */,
			);
			runOnlyForDeploymentPostprocessing = 0;
		};
		47808E8F2F46201600DD7139 /* Frameworks */ = {
			isa = PBXFrameworksBuildPhase;
			buildActionMask = 2147483647;
			files = (
			);
			runOnlyForDeploymentPostprocessing = 0;
		};
		47808E992F46201600DD7139 /* Frameworks */ = {
			isa = PBXFrameworksBuildPhase;
			buildActionMask = 2147483647;
			files = (
			);
			runOnlyForDeploymentPostprocessing = 0;
		};
/* End PBXFrameworksBuildPhase section */

/* Begin PBXGroup section */
		4748E7202F46342E00AEC6AC /* Recovered References */ = {
			isa = PBXGroup;
			children = (
				A1B2C4012F47010100DD7139 /* Config/App.Debug.xcconfig */,
				A1B2C4022F47010100DD7139 /* Config/App.Release.xcconfig */,
			);
			name = "Recovered References";
			sourceTree = "<group>";
		};
		47808E7C2F46201400DD7139 = {
			isa = PBXGroup;
			children = (
				47808E872F46201400DD7139 /* SgBusStops */,
				47808E952F46201600DD7139 /* SgBusStopsTests */,
				47808E9F2F46201600DD7139 /* SgBusStopsUITests */,
				47808E862F46201400DD7139 /* Products */,
				4748E7202F46342E00AEC6AC /* Recovered References */,
			);
			sourceTree = "<group>";
		};
		47808E862F46201400DD7139 /* Products */ = {
			isa = PBXGroup;
			children = (
				47808E852F46201400DD7139 /* SgBusStops.app */,
				47808E922F46201600DD7139 /* SgBusStopsTests.xctest */,
				47808E9C2F46201600DD7139 /* SgBusStopsUITests.xctest */,
			);
			name = Products;
			sourceTree = "<group>";
		};
/* End PBXGroup section */

/* Begin PBXNativeTarget section */
		47808E842F46201400DD7139 /* SgBusStops */ = {
			isa = PBXNativeTarget;
			buildConfigurationList = 47808EA62F46201600DD7139 /* Build configuration list for PBXNativeTarget "SgBusStops" */;
			buildPhases = (
				47808E812F46201400DD7139 /* Sources */,
				47808E822F46201400DD7139 /* Frameworks */,
				47808E832F46201400DD7139 /* Resources */,
				479E26322F6BAF5E00E6B886 /* Embed ExtensionKit Extensions */,
			);
			buildRules = (
			);
			dependencies = (
			);
			fileSystemSynchronizedGroups = (
				47808E872F46201400DD7139 /* SgBusStops */,
			);
			name = SgBusStops;
			packageProductDependencies = (
				472926DA2F4706D200B5E2F4 /* Services */,
				47EF4A242F58BFA00028A2A5 /* SgMaps */,
				47EF4A272F58C0D10028A2A5 /* SgMaps */,
				47EF4A2A2F58C1250028A2A5 /* Services */,
			);
			productName = SgBusStops;
			productReference = 47808E852F46201400DD7139 /* SgBusStops.app */;
			productType = "com.apple.product-type.application";
		};
		47808E912F46201600DD7139 /* SgBusStopsTests */ = {
			isa = PBXNativeTarget;
			buildConfigurationList = 47808EA92F46201600DD7139 /* Build configuration list for PBXNativeTarget "SgBusStopsTests" */;
			buildPhases = (
				47808E8E2F46201600DD7139 /* Sources */,
				47808E8F2F46201600DD7139 /* Frameworks */,
				47808E902F46201600DD7139 /* Resources */,
			);
			buildRules = (
			);
			dependencies = (
				47808E942F46201600DD7139 /* PBXTargetDependency */,
			);
			fileSystemSynchronizedGroups = (
				47808E952F46201600DD7139 /* SgBusStopsTests */,
			);
			name = SgBusStopsTests;
			packageProductDependencies = (
			);
			productName = SgBusStopsTests;
			productReference = 47808E922F46201600DD7139 /* SgBusStopsTests.xctest */;
			productType = "com.apple.product-type.bundle.unit-test";
		};
		47808E9B2F46201600DD7139 /* SgBusStopsUITests */ = {
			isa = PBXNativeTarget;
			buildConfigurationList = 47808EAC2F46201600DD7139 /* Build configuration list for PBXNativeTarget "SgBusStopsUITests" */;
			buildPhases = (
				47808E982F46201600DD7139 /* Sources */,
				47808E992F46201600DD7139 /* Frameworks */,
				47808E9A2F46201600DD7139 /* Resources */,
			);
			buildRules = (
			);
			dependencies = (
				47808E9E2F46201600DD7139 /* PBXTargetDependency */,
			);
			fileSystemSynchronizedGroups = (
				47808E9F2F46201600DD7139 /* SgBusStopsUITests */,
			);
			name = SgBusStopsUITests;
			packageProductDependencies = (
			);
			productName = SgBusStopsUITests;
			productReference = 47808E9C2F46201600DD7139 /* SgBusStopsUITests.xctest */;
			productType = "com.apple.product-type.bundle.ui-testing";
		};
/* End PBXNativeTarget section */

/* Begin PBXProject section */
		47808E7D2F46201400DD7139 /* Project object */ = {
			isa = PBXProject;
			attributes = {
				BuildIndependentTargetsInParallel = 1;
				LastSwiftUpdateCheck = 2630;
				LastUpgradeCheck = 2630;
				TargetAttributes = {
					47808E842F46201400DD7139 = {
						CreatedOnToolsVersion = 26.2;
					};
					47808E912F46201600DD7139 = {
						CreatedOnToolsVersion = 26.2;
						TestTargetID = 47808E842F46201400DD7139;
					};
					47808E9B2F46201600DD7139 = {
						CreatedOnToolsVersion = 26.2;
						TestTargetID = 47808E842F46201400DD7139;
					};
				};
			};
			buildConfigurationList = 47808E802F46201400DD7139 /* Build configuration list for PBXProject "SgBusStops" */;
			developmentRegion = en;
			hasScannedForEncodings = 0;
			knownRegions = (
				en,
				Base,
			);
			mainGroup = 47808E7C2F46201400DD7139;
			minimizedProjectReferenceProxies = 1;
			packageReferences = (
				47EF4A262F58C0D10028A2A5 /* XCLocalSwiftPackageReference "Packages/SgMaps/SgMaps" */,
				47EF4A292F58C1250028A2A5 /* XCLocalSwiftPackageReference "Packages/Services" */,
			);
			preferredProjectObjectVersion = 77;
			productRefGroup = 47808E862F46201400DD7139 /* Products */;
			projectDirPath = "";
			projectRoot = "";
			targets = (
				47808E842F46201400DD7139 /* SgBusStops */,
				47808E912F46201600DD7139 /* SgBusStopsTests */,
				47808E9B2F46201600DD7139 /* SgBusStopsUITests */,
			);
		};
/* End PBXProject section */

/* Begin PBXResourcesBuildPhase section */
		47808E832F46201400DD7139 /* Resources */ = {
			isa = PBXResourcesBuildPhase;
			buildActionMask = 2147483647;
			files = (
			);
			runOnlyForDeploymentPostprocessing = 0;
		};
		47808E902F46201600DD7139 /* Resources */ = {
			isa = PBXResourcesBuildPhase;
			buildActionMask = 2147483647;
			files = (
			);
			runOnlyForDeploymentPostprocessing = 0;
		};
		47808E9A2F46201600DD7139 /* Resources */ = {
			isa = PBXResourcesBuildPhase;
			buildActionMask = 2147483647;
			files = (
			);
			runOnlyForDeploymentPostprocessing = 0;
		};
/* End PBXResourcesBuildPhase section */

/* Begin PBXSourcesBuildPhase section */
		47808E812F46201400DD7139 /* Sources */ = {
			isa = PBXSourcesBuildPhase;
			buildActionMask = 2147483647;
			files = (
			);
			runOnlyForDeploymentPostprocessing = 0;
		};
		47808E8E2F46201600DD7139 /* Sources */ = {
			isa = PBXSourcesBuildPhase;
			buildActionMask = 2147483647;
			files = (
			);
			runOnlyForDeploymentPostprocessing = 0;
		};
		47808E982F46201600DD7139 /* Sources */ = {
			isa = PBXSourcesBuildPhase;
			buildActionMask = 2147483647;
			files = (
			);
			runOnlyForDeploymentPostprocessing = 0;
		};
/* End PBXSourcesBuildPhase section */

/* Begin PBXTargetDependency section */
		47808E942F46201600DD7139 /* PBXTargetDependency */ = {
			isa = PBXTargetDependency;
			target = 47808E842F46201400DD7139 /* SgBusStops */;
			targetProxy = 47808E932F46201600DD7139 /* PBXContainerItemProxy */;
		};
		47808E9E2F46201600DD7139 /* PBXTargetDependency */ = {
			isa = PBXTargetDependency;
			target = 47808E842F46201400DD7139 /* SgBusStops */;
			targetProxy = 47808E9D2F46201600DD7139 /* PBXContainerItemProxy */;
		};
/* End PBXTargetDependency section */

/* Begin XCBuildConfiguration section */
		47808EA42F46201600DD7139 /* Debug */ = {
			isa = XCBuildConfiguration;
			buildSettings = {
				ALWAYS_SEARCH_USER_PATHS = NO;
				ASSETCATALOG_COMPILER_GENERATE_SWIFT_ASSET_SYMBOL_EXTENSIONS = YES;
				CLANG_ANALYZER_NONNULL = YES;
				CLANG_ANALYZER_NUMBER_OBJECT_CONVERSION = YES_AGGRESSIVE;
				CLANG_CXX_LANGUAGE_STANDARD = "gnu++20";
				CLANG_ENABLE_MODULES = YES;
				CLANG_ENABLE_OBJC_ARC = YES;
				CLANG_ENABLE_OBJC_WEAK = YES;
				CLANG_WARN_BLOCK_CAPTURE_AUTORELEASING = YES;
				CLANG_WARN_BOOL_CONVERSION = YES;
				CLANG_WARN_COMMA = YES;
				CLANG_WARN_CONSTANT_CONVERSION = YES;
				CLANG_WARN_DEPRECATED_OBJC_IMPLEMENTATIONS = YES;
				CLANG_WARN_DIRECT_OBJC_ISA_USAGE = YES_ERROR;
				CLANG_WARN_DOCUMENTATION_COMMENTS = YES;
				CLANG_WARN_EMPTY_BODY = YES;
				CLANG_WARN_ENUM_CONVERSION = YES;
				CLANG_WARN_INFINITE_RECURSION = YES;
				CLANG_WARN_INT_CONVERSION = YES;
				CLANG_WARN_NON_LITERAL_NULL_CONVERSION = YES;
				CLANG_WARN_OBJC_IMPLICIT_RETAIN_SELF = YES;
				CLANG_WARN_OBJC_LITERAL_CONVERSION = YES;
				CLANG_WARN_OBJC_ROOT_CLASS = YES_ERROR;
				CLANG_WARN_QUOTED_INCLUDE_IN_FRAMEWORK_HEADER = YES;
				CLANG_WARN_RANGE_LOOP_ANALYSIS = YES;
				CLANG_WARN_STRICT_PROTOTYPES = YES;
				CLANG_WARN_SUSPICIOUS_MOVE = YES;
				CLANG_WARN_UNGUARDED_AVAILABILITY = YES_AGGRESSIVE;
				CLANG_WARN_UNREACHABLE_CODE = YES;
				CLANG_WARN__DUPLICATE_METHOD_MATCH = YES;
				COPY_PHASE_STRIP = NO;
				DEBUG_INFORMATION_FORMAT = dwarf;
				DEVELOPMENT_TEAM = HJ9L53D9PB;
				ENABLE_STRICT_OBJC_MSGSEND = YES;
				ENABLE_TESTABILITY = YES;
				ENABLE_USER_SCRIPT_SANDBOXING = YES;
				GCC_C_LANGUAGE_STANDARD = gnu17;
				GCC_DYNAMIC_NO_PIC = NO;
				GCC_NO_COMMON_BLOCKS = YES;
				GCC_OPTIMIZATION_LEVEL = 0;
				GCC_PREPROCESSOR_DEFINITIONS = (
					"DEBUG=1",
					"$(inherited)",
				);
				GCC_WARN_64_TO_32_BIT_CONVERSION = YES;
				GCC_WARN_ABOUT_RETURN_TYPE = YES_ERROR;
				GCC_WARN_UNDECLARED_SELECTOR = YES;
				GCC_WARN_UNINITIALIZED_AUTOS = YES_AGGRESSIVE;
				GCC_WARN_UNUSED_FUNCTION = YES;
				GCC_WARN_UNUSED_VARIABLE = YES;
				IPHONEOS_DEPLOYMENT_TARGET = 26.2;
				LOCALIZATION_PREFERS_STRING_CATALOGS = YES;
				MTL_ENABLE_DEBUG_INFO = INCLUDE_SOURCE;
				MTL_FAST_MATH = YES;
				ONLY_ACTIVE_ARCH = YES;
				SDKROOT = iphoneos;
				STRING_CATALOG_GENERATE_SYMBOLS = YES;
				SWIFT_ACTIVE_COMPILATION_CONDITIONS = "DEBUG $(inherited)";
				SWIFT_OPTIMIZATION_LEVEL = "-Onone";
			};
			name = Debug;
		};
		47808EA52F46201600DD7139 /* Release */ = {
			isa = XCBuildConfiguration;
			buildSettings = {
				ALWAYS_SEARCH_USER_PATHS = NO;
				ASSETCATALOG_COMPILER_GENERATE_SWIFT_ASSET_SYMBOL_EXTENSIONS = YES;
				CLANG_ANALYZER_NONNULL = YES;
				CLANG_ANALYZER_NUMBER_OBJECT_CONVERSION = YES_AGGRESSIVE;
				CLANG_CXX_LANGUAGE_STANDARD = "gnu++20";
				CLANG_ENABLE_MODULES = YES;
				CLANG_ENABLE_OBJC_ARC = YES;
				CLANG_ENABLE_OBJC_WEAK = YES;
				CLANG_WARN_BLOCK_CAPTURE_AUTORELEASING = YES;
				CLANG_WARN_BOOL_CONVERSION = YES;
				CLANG_WARN_COMMA = YES;
				CLANG_WARN_CONSTANT_CONVERSION = YES;
				CLANG_WARN_DEPRECATED_OBJC_IMPLEMENTATIONS = YES;
				CLANG_WARN_DIRECT_OBJC_ISA_USAGE = YES_ERROR;
				CLANG_WARN_DOCUMENTATION_COMMENTS = YES;
				CLANG_WARN_EMPTY_BODY = YES;
				CLANG_WARN_ENUM_CONVERSION = YES;
				CLANG_WARN_INFINITE_RECURSION = YES;
				CLANG_WARN_INT_CONVERSION = YES;
				CLANG_WARN_NON_LITERAL_NULL_CONVERSION = YES;
				CLANG_WARN_OBJC_IMPLICIT_RETAIN_SELF = YES;
				CLANG_WARN_OBJC_LITERAL_CONVERSION = YES;
				CLANG_WARN_OBJC_ROOT_CLASS = YES_ERROR;
				CLANG_WARN_QUOTED_INCLUDE_IN_FRAMEWORK_HEADER = YES;
				CLANG_WARN_RANGE_LOOP_ANALYSIS = YES;
				CLANG_WARN_STRICT_PROTOTYPES = YES;
				CLANG_WARN_SUSPICIOUS_MOVE = YES;
				CLANG_WARN_UNGUARDED_AVAILABILITY = YES_AGGRESSIVE;
				CLANG_WARN_UNREACHABLE_CODE = YES;
				CLANG_WARN__DUPLICATE_METHOD_MATCH = YES;
				COPY_PHASE_STRIP = NO;
				DEBUG_INFORMATION_FORMAT = "dwarf-with-dsym";
				DEVELOPMENT_TEAM = HJ9L53D9PB;
				ENABLE_NS_ASSERTIONS = NO;
				ENABLE_STRICT_OBJC_MSGSEND = YES;
				ENABLE_USER_SCRIPT_SANDBOXING = YES;
				GCC_C_LANGUAGE_STANDARD = gnu17;
				GCC_NO_COMMON_BLOCKS = YES;
				GCC_WARN_64_TO_32_BIT_CONVERSION = YES;
				GCC_WARN_ABOUT_RETURN_TYPE = YES_ERROR;
				GCC_WARN_UNDECLARED_SELECTOR = YES;
				GCC_WARN_UNINITIALIZED_AUTOS = YES_AGGRESSIVE;
				GCC_WARN_UNUSED_FUNCTION = YES;
				GCC_WARN_UNUSED_VARIABLE = YES;
				IPHONEOS_DEPLOYMENT_TARGET = 26.2;
				LOCALIZATION_PREFERS_STRING_CATALOGS = YES;
				MTL_ENABLE_DEBUG_INFO = NO;
				MTL_FAST_MATH = YES;
				SDKROOT = iphoneos;
				STRING_CATALOG_GENERATE_SYMBOLS = YES;
				SWIFT_COMPILATION_MODE = wholemodule;
				VALIDATE_PRODUCT = YES;
			};
			name = Release;
		};
		47808EA72F46201600DD7139 /* Debug */ = {
			isa = XCBuildConfiguration;
			baseConfigurationReference = A1B2C4012F47010100DD7139 /* Config/App.Debug.xcconfig */;
			buildSettings = {
				ASSETCATALOG_COMPILER_APPICON_NAME = AppIcon;
				ASSETCATALOG_COMPILER_GLOBAL_ACCENT_COLOR_NAME = AccentColor;
				CODE_SIGN_ENTITLEMENTS = SgBusStops/SgBusStops.entitlements;
				CODE_SIGN_STYLE = Automatic;
				CURRENT_PROJECT_VERSION = 1;
				DEVELOPMENT_TEAM = HJ9L53D9PB;
				ENABLE_PREVIEWS = YES;
				GENERATE_INFOPLIST_FILE = NO;
				INFOPLIST_FILE = Config/AppInfo.plist;
				INFOPLIST_KEY_UIApplicationSceneManifest_Generation = YES;
				INFOPLIST_KEY_UIApplicationSupportsIndirectInputEvents = YES;
				INFOPLIST_KEY_UILaunchScreen_Generation = YES;
				INFOPLIST_KEY_UISupportedInterfaceOrientations_iPad = "UIInterfaceOrientationPortrait UIInterfaceOrientationPortraitUpsideDown UIInterfaceOrientationLandscapeLeft UIInterfaceOrientationLandscapeRight";
				INFOPLIST_KEY_UISupportedInterfaceOrientations_iPhone = "UIInterfaceOrientationPortrait UIInterfaceOrientationLandscapeLeft UIInterfaceOrientationLandscapeRight";
				LD_RUNPATH_SEARCH_PATHS = (
					"$(inherited)",
					"@executable_path/Frameworks",
				);
				MARKETING_VERSION = 1.0;
				PRODUCT_BUNDLE_IDENTIFIER = "com.aungkomin.SG-Bus-Stops";
				PRODUCT_NAME = "$(TARGET_NAME)";
				STRING_CATALOG_GENERATE_SYMBOLS = YES;
				SWIFT_APPROACHABLE_CONCURRENCY = YES;
				SWIFT_DEFAULT_ACTOR_ISOLATION = MainActor;
				SWIFT_EMIT_LOC_STRINGS = YES;
				SWIFT_UPCOMING_FEATURE_MEMBER_IMPORT_VISIBILITY = YES;
				SWIFT_VERSION = 6.0;
				TARGETED_DEVICE_FAMILY = "1,2";
			};
			name = Debug;
		};
		47808EA82F46201600DD7139 /* Release */ = {
			isa = XCBuildConfiguration;
			baseConfigurationReference = A1B2C4022F47010100DD7139 /* Config/App.Release.xcconfig */;
			buildSettings = {
				ASSETCATALOG_COMPILER_APPICON_NAME = AppIcon;
				ASSETCATALOG_COMPILER_GLOBAL_ACCENT_COLOR_NAME = AccentColor;
				CODE_SIGN_ENTITLEMENTS = SgBusStops/SgBusStops.entitlements;
				CODE_SIGN_STYLE = Automatic;
				CURRENT_PROJECT_VERSION = 1;
				DEVELOPMENT_TEAM = HJ9L53D9PB;
				ENABLE_PREVIEWS = YES;
				GENERATE_INFOPLIST_FILE = NO;
				INFOPLIST_FILE = Config/AppInfo.plist;
				INFOPLIST_KEY_UIApplicationSceneManifest_Generation = YES;
				INFOPLIST_KEY_UIApplicationSupportsIndirectInputEvents = YES;
				INFOPLIST_KEY_UILaunchScreen_Generation = YES;
				INFOPLIST_KEY_UISupportedInterfaceOrientations_iPad = "UIInterfaceOrientationPortrait UIInterfaceOrientationPortraitUpsideDown UIInterfaceOrientationLandscapeLeft UIInterfaceOrientationLandscapeRight";
				INFOPLIST_KEY_UISupportedInterfaceOrientations_iPhone = "UIInterfaceOrientationPortrait UIInterfaceOrientationLandscapeLeft UIInterfaceOrientationLandscapeRight";
				LD_RUNPATH_SEARCH_PATHS = (
					"$(inherited)",
					"@executable_path/Frameworks",
				);
				MARKETING_VERSION = 1.0;
				PRODUCT_BUNDLE_IDENTIFIER = "com.aungkomin.SG-Bus-Stops";
				PRODUCT_NAME = "$(TARGET_NAME)";
				STRING_CATALOG_GENERATE_SYMBOLS = YES;
				SWIFT_APPROACHABLE_CONCURRENCY = YES;
				SWIFT_DEFAULT_ACTOR_ISOLATION = MainActor;
				SWIFT_EMIT_LOC_STRINGS = YES;
				SWIFT_UPCOMING_FEATURE_MEMBER_IMPORT_VISIBILITY = YES;
				SWIFT_VERSION = 6.0;
				TARGETED_DEVICE_FAMILY = "1,2";
			};
			name = Release;
		};
		47808EAA2F46201600DD7139 /* Debug */ = {
			isa = XCBuildConfiguration;
			buildSettings = {
				BUNDLE_LOADER = "$(TEST_HOST)";
				CODE_SIGN_STYLE = Automatic;
				CURRENT_PROJECT_VERSION = 1;
				DEVELOPMENT_TEAM = HJ9L53D9PB;
				GENERATE_INFOPLIST_FILE = YES;
				IPHONEOS_DEPLOYMENT_TARGET = 26.2;
				MARKETING_VERSION = 1.0;
				PRODUCT_BUNDLE_IDENTIFIER = "com.aungkomin.SG-Bus-StopsTests";
				PRODUCT_NAME = "$(TARGET_NAME)";
				STRING_CATALOG_GENERATE_SYMBOLS = NO;
				SWIFT_APPROACHABLE_CONCURRENCY = YES;
				SWIFT_EMIT_LOC_STRINGS = NO;
				SWIFT_UPCOMING_FEATURE_MEMBER_IMPORT_VISIBILITY = YES;
				SWIFT_VERSION = 6.0;
				TARGETED_DEVICE_FAMILY = "1,2";
				TEST_HOST = "$(BUILT_PRODUCTS_DIR)/SgBusStops.app/$(BUNDLE_EXECUTABLE_FOLDER_PATH)/SgBusStops";
			};
			name = Debug;
		};
		47808EAB2F46201600DD7139 /* Release */ = {
			isa = XCBuildConfiguration;
			buildSettings = {
				BUNDLE_LOADER = "$(TEST_HOST)";
				CODE_SIGN_STYLE = Automatic;
				CURRENT_PROJECT_VERSION = 1;
				DEVELOPMENT_TEAM = HJ9L53D9PB;
				GENERATE_INFOPLIST_FILE = YES;
				IPHONEOS_DEPLOYMENT_TARGET = 26.2;
				MARKETING_VERSION = 1.0;
				PRODUCT_BUNDLE_IDENTIFIER = "com.aungkomin.SG-Bus-StopsTests";
				PRODUCT_NAME = "$(TARGET_NAME)";
				STRING_CATALOG_GENERATE_SYMBOLS = NO;
				SWIFT_APPROACHABLE_CONCURRENCY = YES;
				SWIFT_EMIT_LOC_STRINGS = NO;
				SWIFT_UPCOMING_FEATURE_MEMBER_IMPORT_VISIBILITY = YES;
				SWIFT_VERSION = 6.0;
				TARGETED_DEVICE_FAMILY = "1,2";
				TEST_HOST = "$(BUILT_PRODUCTS_DIR)/SgBusStops.app/$(BUNDLE_EXECUTABLE_FOLDER_PATH)/SgBusStops";
			};
			name = Release;
		};
		47808EAD2F46201600DD7139 /* Debug */ = {
			isa = XCBuildConfiguration;
			buildSettings = {
				CODE_SIGN_STYLE = Automatic;
				CURRENT_PROJECT_VERSION = 1;
				DEVELOPMENT_TEAM = HJ9L53D9PB;
				GENERATE_INFOPLIST_FILE = YES;
				MARKETING_VERSION = 1.0;
				PRODUCT_BUNDLE_IDENTIFIER = "com.aungkomin.SG-Bus-StopsUITests";
				PRODUCT_NAME = "$(TARGET_NAME)";
				STRING_CATALOG_GENERATE_SYMBOLS = NO;
				SWIFT_APPROACHABLE_CONCURRENCY = YES;
				SWIFT_EMIT_LOC_STRINGS = NO;
				SWIFT_UPCOMING_FEATURE_MEMBER_IMPORT_VISIBILITY = YES;
				SWIFT_VERSION = 6.0;
				TARGETED_DEVICE_FAMILY = "1,2";
				TEST_TARGET_NAME = SgBusStops;
			};
			name = Debug;
		};
		47808EAE2F46201600DD7139 /* Release */ = {
			isa = XCBuildConfiguration;
			buildSettings = {
				CODE_SIGN_STYLE = Automatic;
				CURRENT_PROJECT_VERSION = 1;
				DEVELOPMENT_TEAM = HJ9L53D9PB;
				GENERATE_INFOPLIST_FILE = YES;
				MARKETING_VERSION = 1.0;
				PRODUCT_BUNDLE_IDENTIFIER = "com.aungkomin.SG-Bus-StopsUITests";
				PRODUCT_NAME = "$(TARGET_NAME)";
				STRING_CATALOG_GENERATE_SYMBOLS = NO;
				SWIFT_APPROACHABLE_CONCURRENCY = YES;
				SWIFT_EMIT_LOC_STRINGS = NO;
				SWIFT_UPCOMING_FEATURE_MEMBER_IMPORT_VISIBILITY = YES;
				SWIFT_VERSION = 6.0;
				TARGETED_DEVICE_FAMILY = "1,2";
				TEST_TARGET_NAME = SgBusStops;
			};
			name = Release;
		};
/* End XCBuildConfiguration section */

/* Begin XCConfigurationList section */
		47808E802F46201400DD7139 /* Build configuration list for PBXProject "SgBusStops" */ = {
			isa = XCConfigurationList;
			buildConfigurations = (
				47808EA42F46201600DD7139 /* Debug */,
				47808EA52F46201600DD7139 /* Release */,
			);
			defaultConfigurationIsVisible = 0;
			defaultConfigurationName = Release;
		};
		47808EA62F46201600DD7139 /* Build configuration list for PBXNativeTarget "SgBusStops" */ = {
			isa = XCConfigurationList;
			buildConfigurations = (
				47808EA72F46201600DD7139 /* Debug */,
				47808EA82F46201600DD7139 /* Release */,
			);
			defaultConfigurationIsVisible = 0;
			defaultConfigurationName = Release;
		};
		47808EA92F46201600DD7139 /* Build configuration list for PBXNativeTarget "SgBusStopsTests" */ = {
			isa = XCConfigurationList;
			buildConfigurations = (
				47808EAA2F46201600DD7139 /* Debug */,
				47808EAB2F46201600DD7139 /* Release */,
			);
			defaultConfigurationIsVisible = 0;
			defaultConfigurationName = Release;
		};
		47808EAC2F46201600DD7139 /* Build configuration list for PBXNativeTarget "SgBusStopsUITests" */ = {
			isa = XCConfigurationList;
			buildConfigurations = (
				47808EAD2F46201600DD7139 /* Debug */,
				47808EAE2F46201600DD7139 /* Release */,
			);
			defaultConfigurationIsVisible = 0;
			defaultConfigurationName = Release;
		};
/* End XCConfigurationList section */

/* Begin XCLocalSwiftPackageReference section */
		47EF4A262F58C0D10028A2A5 /* XCLocalSwiftPackageReference "Packages/SgMaps/SgMaps" */ = {
			isa = XCLocalSwiftPackageReference;
			relativePath = Packages/SgMaps/SgMaps;
		};
		47EF4A292F58C1250028A2A5 /* XCLocalSwiftPackageReference "Packages/Services" */ = {
			isa = XCLocalSwiftPackageReference;
			relativePath = Packages/Services;
		};
/* End XCLocalSwiftPackageReference section */

/* Begin XCSwiftPackageProductDependency section */
		472926DA2F4706D200B5E2F4 /* Services */ = {
			isa = XCSwiftPackageProductDependency;
			productName = Services;
		};
		47EF4A242F58BFA00028A2A5 /* SgMaps */ = {
			isa = XCSwiftPackageProductDependency;
			productName = SgMaps;
		};
		47EF4A272F58C0D10028A2A5 /* SgMaps */ = {
			isa = XCSwiftPackageProductDependency;
			productName = SgMaps;
		};
		47EF4A2A2F58C1250028A2A5 /* Services */ = {
			isa = XCSwiftPackageProductDependency;
			productName = Services;
		};
/* End XCSwiftPackageProductDependency section */
	};
	rootObject = 47808E7D2F46201400DD7139 /* Project object */;
}
